
Microsoft Visual Studio Solution File, Format Version 12.00
# Visual Studio 15
VisualStudioVersion = 15.0.28307.902
MinimumVisualStudioVersion = 10.0.40219.1
Project("{FAE04EC0-301F-11D3-BF4B-00C04F79EFBC}") = "DataFormXamarin.Android", "DataFormXamarin\DataFormXamarin.Android\DataFormXamarin.Android.csproj", "{E0A849B5-A1C5-480C-9F3F-8D35141BC72F}"
EndProject
Project("{FAE04EC0-301F-11D3-BF4B-00C04F79EFBC}") = "DataFormXamarin.iOS", "DataFormXamarin\DataFormXamarin.iOS\DataFormXamarin.iOS.csproj", "{C0E353E8-A635-4B09-9787-44FDE01545D3}"
EndProject
Project("{FAE04EC0-301F-11D3-BF4B-00C04F79EFBC}") = "DataFormXamarin.UWP", "DataFormXamarin\DataFormXamarin.UWP\DataFormXamarin.UWP.csproj", "{79943FF0-2AA6-4F5F-B648-C6077071AB64}"
EndProject
Project("{FAE04EC0-301F-11D3-BF4B-00C04F79EFBC}") = "DataFormXamarin", "DataFormXamarin\DataFormXamarin\DataFormXamarin.csproj", "{0EDBED41-EA38-43DB-A10C-1A8BE31024AB}"
EndProject
Global
	GlobalSection(SolutionConfigurationPlatforms) = preSolution
		Ad-Hoc|Any CPU = Ad-Hoc|Any CPU
		Ad-Hoc|ARM = Ad-Hoc|ARM
		Ad-Hoc|iPhone = Ad-Hoc|iPhone
		Ad-Hoc|iPhoneSimulator = Ad-Hoc|iPhoneSimulator
		Ad-Hoc|x64 = Ad-Hoc|x64
		Ad-Hoc|x86 = Ad-Hoc|x86
		AppStore|Any CPU = AppStore|Any CPU
		AppStore|ARM = AppStore|ARM
		AppStore|iPhone = AppStore|iPhone
		AppStore|iPhoneSimulator = AppStore|iPhoneSimulator
		AppStore|x64 = AppStore|x64
		AppStore|x86 = AppStore|x86
		Debug|Any CPU = Debug|Any CPU
		Debug|ARM = Debug|ARM
		Debug|iPhone = Debug|iPhone
		Debug|iPhoneSimulator = Debug|iPhoneSimulator
		Debug|x64 = Debug|x64
		Debug|x86 = Debug|x86
		Release|Any CPU = Release|Any CPU
		Release|ARM = Release|ARM
		Release|iPhone = Release|iPhone
		Release|iPhoneSimulator = Release|iPhoneSimulator
		Release|x64 = Release|x64
		Release|x86 = Release|x86
	EndGlobalSection
	GlobalSection(ProjectConfigurationPlatforms) = postSolution
		{E0A849B5-A1C5-480C-9F3F-8D35141BC72F}.Ad-Hoc|Any CPU.ActiveCfg = Release|Any CPU
		{E0A849B5-A1C5-480C-9F3F-8D35141BC72F}.Ad-Hoc|Any CPU.Build.0 = Release|Any CPU
		{E0A849B5-A1C5-480C-9F3F-8D35141BC72F}.Ad-Hoc|Any CPU.Deploy.0 = Release|Any CPU
		{E0A849B5-A1C5-480C-9F3F-8D35141BC72F}.Ad-Hoc|ARM.ActiveCfg = Release|Any CPU
		{E0A849B5-A1C5-480C-9F3F-8D35141BC72F}.Ad-Hoc|ARM.Build.0 = Release|Any CPU
		{E0A849B5-A1C5-480C-9F3F-8D35141BC72F}.Ad-Hoc|ARM.Deploy.0 = Release|Any CPU
		{E0A849B5-A1C5-480C-9F3F-8D35141BC72F}.Ad-Hoc|iPhone.ActiveCfg = Release|Any CPU
		{E0A849B5-A1C5-480C-9F3F-8D35141BC72F}.Ad-Hoc|iPhone.Build.0 = Release|Any CPU
		{E0A849B5-A1C5-480C-9F3F-8D35141BC72F}.Ad-Hoc|iPhone.Deploy.0 = Release|Any CPU
		{E0A849B5-A1C5-480C-9F3F-8D35141BC72F}.Ad-Hoc|iPhoneSimulator.ActiveCfg = Release|Any CPU
		{E0A849B5-A1C5-480C-9F3F-8D35141BC72F}.Ad-Hoc|iPhoneSimulator.Build.0 = Release|Any CPU
		{E0A849B5-A1C5-480C-9F3F-8D35141BC72F}.Ad-Hoc|iPhoneSimulator.Deploy.0 = Release|Any CPU
		{E0A849B5-A1C5-480C-9F3F-8D35141BC72F}.Ad-Hoc|x64.ActiveCfg = Release|Any CPU
		{E0A849B5-A1C5-480C-9F3F-8D35141BC72F}.Ad-Hoc|x64.Build.0 = Release|Any CPU
		{E0A849B5-A1C5-480C-9F3F-8D35141BC72F}.Ad-Hoc|x64.Deploy.0 = Release|Any CPU
		{E0A849B5-A1C5-480C-9F3F-8D35141BC72F}.Ad-Hoc|x86.ActiveCfg = Release|Any CPU
		{E0A849B5-A1C5-480C-9F3F-8D35141BC72F}.Ad-Hoc|x86.Build.0 = Release|Any CPU
		{E0A849B5-A1C5-480C-9F3F-8D35141BC72F}.Ad-Hoc|x86.Deploy.0 = Release|Any CPU
		{E0A849B5-A1C5-480C-9F3F-8D35141BC72F}.AppStore|Any CPU.ActiveCfg = Release|Any CPU
		{E0A849B5-A1C5-480C-9F3F-8D35141BC72F}.AppStore|Any CPU.Build.0 = Release|Any CPU
		{E0A849B5-A1C5-480C-9F3F-8D35141BC72F}.AppStore|Any CPU.Deploy.0 = Release|Any CPU
		{E0A849B5-A1C5-480C-9F3F-8D35141BC72F}.AppStore|ARM.ActiveCfg = Release|Any CPU
		{E0A849B5-A1C5-480C-9F3F-8D35141BC72F}.AppStore|ARM.Build.0 = Release|Any CPU
		{E0A849B5-A1C5-480C-9F3F-8D35141BC72F}.AppStore|ARM.Deploy.0 = Release|Any CPU
		{E0A849B5-A1C5-480C-9F3F-8D35141BC72F}.AppStore|iPhone.ActiveCfg = Release|Any CPU
		{E0A849B5-A1C5-480C-9F3F-8D35141BC72F}.AppStore|iPhone.Build.0 = Release|Any CPU
		{E0A849B5-A1C5-480C-9F3F-8D35141BC72F}.AppStore|iPhone.Deploy.0 = Release|Any CPU
		{E0A849B5-A1C5-480C-9F3F-8D35141BC72F}.AppStore|iPhoneSimulator.ActiveCfg = Release|Any CPU
		{E0A849B5-A1C5-480C-9F3F-8D35141BC72F}.AppStore|iPhoneSimulator.Build.0 = Release|Any CPU
		{E0A849B5-A1C5-480C-9F3F-8D35141BC72F}.AppStore|iPhoneSimulator.Deploy.0 = Release|Any CPU
		{E0A849B5-A1C5-480C-9F3F-8D35141BC72F}.AppStore|x64.ActiveCfg = Release|Any CPU
		{E0A849B5-A1C5-480C-9F3F-8D35141BC72F}.AppStore|x64.Build.0 = Release|Any CPU
		{E0A849B5-A1C5-480C-9F3F-8D35141BC72F}.AppStore|x64.Deploy.0 = Release|Any CPU
		{E0A849B5-A1C5-480C-9F3F-8D35141BC72F}.AppStore|x86.ActiveCfg = Release|Any CPU
		{E0A849B5-A1C5-480C-9F3F-8D35141BC72F}.AppStore|x86.Build.0 = Release|Any CPU
		{E0A849B5-A1C5-480C-9F3F-8D35141BC72F}.AppStore|x86.Deploy.0 = Release|Any CPU
		{E0A849B5-A1C5-480C-9F3F-8D35141BC72F}.Debug|Any CPU.ActiveCfg = Debug|Any CPU
		{E0A849B5-A1C5-480C-9F3F-8D35141BC72F}.Debug|Any CPU.Build.0 = Debug|Any CPU
		{E0A849B5-A1C5-480C-9F3F-8D35141BC72F}.Debug|Any CPU.Deploy.0 = Debug|Any CPU
		{E0A849B5-A1C5-480C-9F3F-8D35141BC72F}.Debug|ARM.ActiveCfg = Debug|Any CPU
		{E0A849B5-A1C5-480C-9F3F-8D35141BC72F}.Debug|ARM.Build.0 = Debug|Any CPU
		{E0A849B5-A1C5-480C-9F3F-8D35141BC72F}.Debug|ARM.Deploy.0 = Debug|Any CPU
		{E0A849B5-A1C5-480C-9F3F-8D35141BC72F}.Debug|iPhone.ActiveCfg = Debug|Any CPU
		{E0A849B5-A1C5-480C-9F3F-8D35141BC72F}.Debug|iPhone.Build.0 = Debug|Any CPU
		{E0A849B5-A1C5-480C-9F3F-8D35141BC72F}.Debug|iPhone.Deploy.0 = Debug|Any CPU
		{E0A849B5-A1C5-480C-9F3F-8D35141BC72F}.Debug|iPhoneSimulator.ActiveCfg = Debug|Any CPU
		{E0A849B5-A1C5-480C-9F3F-8D35141BC72F}.Debug|iPhoneSimulator.Build.0 = Debug|Any CPU
		{E0A849B5-A1C5-480C-9F3F-8D35141BC72F}.Debug|iPhoneSimulator.Deploy.0 = Debug|Any CPU
		{E0A849B5-A1C5-480C-9F3F-8D35141BC72F}.Debug|x64.ActiveCfg = Debug|Any CPU
		{E0A849B5-A1C5-480C-9F3F-8D35141BC72F}.Debug|x64.Build.0 = Debug|Any CPU
		{E0A849B5-A1C5-480C-9F3F-8D35141BC72F}.Debug|x64.Deploy.0 = Debug|Any CPU
		{E0A849B5-A1C5-480C-9F3F-8D35141BC72F}.Debug|x86.ActiveCfg = Debug|Any CPU
		{E0A849B5-A1C5-480C-9F3F-8D35141BC72F}.Debug|x86.Build.0 = Debug|Any CPU
		{E0A849B5-A1C5-480C-9F3F-8D35141BC72F}.Debug|x86.Deploy.0 = Debug|Any CPU
		{E0A849B5-A1C5-480C-9F3F-8D35141BC72F}.Release|Any CPU.ActiveCfg = Release|Any CPU
		{E0A849B5-A1C5-480C-9F3F-8D35141BC72F}.Release|Any CPU.Build.0 = Release|Any CPU
		{E0A849B5-A1C5-480C-9F3F-8D35141BC72F}.Release|Any CPU.Deploy.0 = Release|Any CPU
		{E0A849B5-A1C5-480C-9F3F-8D35141BC72F}.Release|ARM.ActiveCfg = Release|Any CPU
		{E0A849B5-A1C5-480C-9F3F-8D35141BC72F}.Release|ARM.Build.0 = Release|Any CPU
		{E0A849B5-A1C5-480C-9F3F-8D35141BC72F}.Release|ARM.Deploy.0 = Release|Any CPU
		{E0A849B5-A1C5-480C-9F3F-8D35141BC72F}.Release|iPhone.ActiveCfg = Release|Any CPU
		{E0A849B5-A1C5-480C-9F3F-8D35141BC72F}.Release|iPhone.Build.0 = Release|Any CPU
		{E0A849B5-A1C5-480C-9F3F-8D35141BC72F}.Release|iPhone.Deploy.0 = Release|Any CPU
		{E0A849B5-A1C5-480C-9F3F-8D35141BC72F}.Release|iPhoneSimulator.ActiveCfg = Release|Any CPU
		{E0A849B5-A1C5-480C-9F3F-8D35141BC72F}.Release|iPhoneSimulator.Build.0 = Release|Any CPU
		{E0A849B5-A1C5-480C-9F3F-8D35141BC72F}.Release|iPhoneSimulator.Deploy.0 = Release|Any CPU
		{E0A849B5-A1C5-480C-9F3F-8D35141BC72F}.Release|x64.ActiveCfg = Release|Any CPU
		{E0A849B5-A1C5-480C-9F3F-8D35141BC72F}.Release|x64.Build.0 = Release|Any CPU
		{E0A849B5-A1C5-480C-9F3F-8D35141BC72F}.Release|x64.Deploy.0 = Release|Any CPU
		{E0A849B5-A1C5-480C-9F3F-8D35141BC72F}.Release|x86.ActiveCfg = Release|Any CPU
		{E0A849B5-A1C5-480C-9F3F-8D35141BC72F}.Release|x86.Build.0 = Release|Any CPU
		{E0A849B5-A1C5-480C-9F3F-8D35141BC72F}.Release|x86.Deploy.0 = Release|Any CPU
		{C0E353E8-A635-4B09-9787-44FDE01545D3}.Ad-Hoc|Any CPU.ActiveCfg = Ad-Hoc|iPhone
		{C0E353E8-A635-4B09-9787-44FDE01545D3}.Ad-Hoc|Any CPU.Build.0 = Ad-Hoc|iPhone
		{C0E353E8-A635-4B09-9787-44FDE01545D3}.Ad-Hoc|Any CPU.Deploy.0 = Ad-Hoc|iPhone
		{C0E353E8-A635-4B09-9787-44FDE01545D3}.Ad-Hoc|ARM.ActiveCfg = Ad-Hoc|iPhone
		{C0E353E8-A635-4B09-9787-44FDE01545D3}.Ad-Hoc|ARM.Build.0 = Ad-Hoc|iPhone
		{C0E353E8-A635-4B09-9787-44FDE01545D3}.Ad-Hoc|ARM.Deploy.0 = Ad-Hoc|iPhone
		{C0E353E8-A635-4B09-9787-44FDE01545D3}.Ad-Hoc|iPhone.ActiveCfg = Ad-Hoc|iPhone
		{C0E353E8-A635-4B09-9787-44FDE01545D3}.Ad-Hoc|iPhone.Build.0 = Ad-Hoc|iPhone
		{C0E353E8-A635-4B09-9787-44FDE01545D3}.Ad-Hoc|iPhone.Deploy.0 = Ad-Hoc|iPhone
		{C0E353E8-A635-4B09-9787-44FDE01545D3}.Ad-Hoc|iPhoneSimulator.ActiveCfg = Ad-Hoc|iPhoneSimulator
		{C0E353E8-A635-4B09-9787-44FDE01545D3}.Ad-Hoc|iPhoneSimulator.Build.0 = Ad-Hoc|iPhoneSimulator
		{C0E353E8-A635-4B09-9787-44FDE01545D3}.Ad-Hoc|iPhoneSimulator.Deploy.0 = Ad-Hoc|iPhoneSimulator
		{C0E353E8-A635-4B09-9787-44FDE01545D3}.Ad-Hoc|x64.ActiveCfg = Ad-Hoc|iPhone
		{C0E353E8-A635-4B09-9787-44FDE01545D3}.Ad-Hoc|x64.Build.0 = Ad-Hoc|iPhone
		{C0E353E8-A635-4B09-9787-44FDE01545D3}.Ad-Hoc|x64.Deploy.0 = Ad-Hoc|iPhone
		{C0E353E8-A635-4B09-9787-44FDE01545D3}.Ad-Hoc|x86.ActiveCfg = Ad-Hoc|iPhone
		{C0E353E8-A635-4B09-9787-44FDE01545D3}.Ad-Hoc|x86.Build.0 = Ad-Hoc|iPhone
		{C0E353E8-A635-4B09-9787-44FDE01545D3}.Ad-Hoc|x86.Deploy.0 = Ad-Hoc|iPhone
		{C0E353E8-A635-4B09-9787-44FDE01545D3}.AppStore|Any CPU.ActiveCfg = AppStore|iPhone
		{C0E353E8-A635-4B09-9787-44FDE01545D3}.AppStore|Any CPU.Build.0 = AppStore|iPhone
		{C0E353E8-A635-4B09-9787-44FDE01545D3}.AppStore|Any CPU.Deploy.0 = AppStore|iPhone
		{C0E353E8-A635-4B09-9787-44FDE01545D3}.AppStore|ARM.ActiveCfg = AppStore|iPhone
		{C0E353E8-A635-4B09-9787-44FDE01545D3}.AppStore|ARM.Build.0 = AppStore|iPhone
		{C0E353E8-A635-4B09-9787-44FDE01545D3}.AppStore|ARM.Deploy.0 = AppStore|iPhone
		{C0E353E8-A635-4B09-9787-44FDE01545D3}.AppStore|iPhone.ActiveCfg = AppStore|iPhone
		{C0E353E8-A635-4B09-9787-44FDE01545D3}.AppStore|iPhone.Build.0 = AppStore|iPhone
		{C0E353E8-A635-4B09-9787-44FDE01545D3}.AppStore|iPhone.Deploy.0 = AppStore|iPhone
		{C0E353E8-A635-4B09-9787-44FDE01545D3}.AppStore|iPhoneSimulator.ActiveCfg = AppStore|iPhoneSimulator
		{C0E353E8-A635-4B09-9787-44FDE01545D3}.AppStore|iPhoneSimulator.Build.0 = AppStore|iPhoneSimulator
		{C0E353E8-A635-4B09-9787-44FDE01545D3}.AppStore|iPhoneSimulator.Deploy.0 = AppStore|iPhoneSimulator
		{C0E353E8-A635-4B09-9787-44FDE01545D3}.AppStore|x64.ActiveCfg = AppStore|iPhone
		{C0E353E8-A635-4B09-9787-44FDE01545D3}.AppStore|x64.Build.0 = AppStore|iPhone
		{C0E353E8-A635-4B09-9787-44FDE01545D3}.AppStore|x64.Deploy.0 = AppStore|iPhone
		{C0E353E8-A635-4B09-9787-44FDE01545D3}.AppStore|x86.ActiveCfg = AppStore|iPhone
		{C0E353E8-A635-4B09-9787-44FDE01545D3}.AppStore|x86.Build.0 = AppStore|iPhone
		{C0E353E8-A635-4B09-9787-44FDE01545D3}.AppStore|x86.Deploy.0 = AppStore|iPhone
		{C0E353E8-A635-4B09-9787-44FDE01545D3}.Debug|Any CPU.ActiveCfg = Debug|iPhoneSimulator
		{C0E353E8-A635-4B09-9787-44FDE01545D3}.Debug|Any CPU.Build.0 = Debug|iPhoneSimulator
		{C0E353E8-A635-4B09-9787-44FDE01545D3}.Debug|Any CPU.Deploy.0 = Debug|iPhoneSimulator
		{C0E353E8-A635-4B09-9787-44FDE01545D3}.Debug|ARM.ActiveCfg = Debug|iPhone
		{C0E353E8-A635-4B09-9787-44FDE01545D3}.Debug|ARM.Build.0 = Debug|iPhone
		{C0E353E8-A635-4B09-9787-44FDE01545D3}.Debug|ARM.Deploy.0 = Debug|iPhone
		{C0E353E8-A635-4B09-9787-44FDE01545D3}.Debug|iPhone.ActiveCfg = Debug|iPhone
		{C0E353E8-A635-4B09-9787-44FDE01545D3}.Debug|iPhone.Build.0 = Debug|iPhone
		{C0E353E8-A635-4B09-9787-44FDE01545D3}.Debug|iPhone.Deploy.0 = Debug|iPhone
		{C0E353E8-A635-4B09-9787-44FDE01545D3}.Debug|iPhoneSimulator.ActiveCfg = Debug|iPhoneSimulator
		{C0E353E8-A635-4B09-9787-44FDE01545D3}.Debug|iPhoneSimulator.Build.0 = Debug|iPhoneSimulator
		{C0E353E8-A635-4B09-9787-44FDE01545D3}.Debug|iPhoneSimulator.Deploy.0 = Debug|iPhoneSimulator
		{C0E353E8-A635-4B09-9787-44FDE01545D3}.Debug|x64.ActiveCfg = Debug|iPhone
		{C0E353E8-A635-4B09-9787-44FDE01545D3}.Debug|x64.Build.0 = Debug|iPhone
		{C0E353E8-A635-4B09-9787-44FDE01545D3}.Debug|x64.Deploy.0 = Debug|iPhone
		{C0E353E8-A635-4B09-9787-44FDE01545D3}.Debug|x86.ActiveCfg = Debug|iPhone
		{C0E353E8-A635-4B09-9787-44FDE01545D3}.Debug|x86.Build.0 = Debug|iPhone
		{C0E353E8-A635-4B09-9787-44FDE01545D3}.Debug|x86.Deploy.0 = Debug|iPhone
		{C0E353E8-A635-4B09-9787-44FDE01545D3}.Release|Any CPU.ActiveCfg = Release|iPhone
		{C0E353E8-A635-4B09-9787-44FDE01545D3}.Release|Any CPU.Build.0 = Release|iPhone
		{C0E353E8-A635-4B09-9787-44FDE01545D3}.Release|Any CPU.Deploy.0 = Release|iPhone
		{C0E353E8-A635-4B09-9787-44FDE01545D3}.Release|ARM.ActiveCfg = Release|iPhone
		{C0E353E8-A635-4B09-9787-44FDE01545D3}.Release|ARM.Build.0 = Release|iPhone
		{C0E353E8-A635-4B09-9787-44FDE01545D3}.Release|ARM.Deploy.0 = Release|iPhone
		{C0E353E8-A635-4B09-9787-44FDE01545D3}.Release|iPhone.ActiveCfg = Release|iPhone
		{C0E353E8-A635-4B09-9787-44FDE01545D3}.Release|iPhone.Build.0 = Release|iPhone
		{C0E353E8-A635-4B09-9787-44FDE01545D3}.Release|iPhone.Deploy.0 = Release|iPhone
		{C0E353E8-A635-4B09-9787-44FDE01545D3}.Release|iPhoneSimulator.ActiveCfg = Release|iPhoneSimulator
		{C0E353E8-A635-4B09-9787-44FDE01545D3}.Release|iPhoneSimulator.Build.0 = Release|iPhoneSimulator
		{C0E353E8-A635-4B09-9787-44FDE01545D3}.Release|iPhoneSimulator.Deploy.0 = Release|iPhoneSimulator
		{C0E353E8-A635-4B09-9787-44FDE01545D3}.Release|x64.ActiveCfg = Release|iPhone
		{C0E353E8-A635-4B09-9787-44FDE01545D3}.Release|x64.Build.0 = Release|iPhone
		{C0E353E8-A635-4B09-9787-44FDE01545D3}.Release|x64.Deploy.0 = Release|iPhone
		{C0E353E8-A635-4B09-9787-44FDE01545D3}.Release|x86.ActiveCfg = Release|iPhone
		{C0E353E8-A635-4B09-9787-44FDE01545D3}.Release|x86.Build.0 = Release|iPhone
		{C0E353E8-A635-4B09-9787-44FDE01545D3}.Release|x86.Deploy.0 = Release|iPhone
		{79943FF0-2AA6-4F5F-B648-C6077071AB64}.Ad-Hoc|Any CPU.ActiveCfg = Release|x86
		{79943FF0-2AA6-4F5F-B648-C6077071AB64}.Ad-Hoc|Any CPU.Build.0 = Release|x86
		{79943FF0-2AA6-4F5F-B648-C6077071AB64}.Ad-Hoc|Any CPU.Deploy.0 = Release|x86
		{79943FF0-2AA6-4F5F-B648-C6077071AB64}.Ad-Hoc|ARM.ActiveCfg = Release|ARM
		{79943FF0-2AA6-4F5F-B648-C6077071AB64}.Ad-Hoc|ARM.Build.0 = Release|ARM
		{79943FF0-2AA6-4F5F-B648-C6077071AB64}.Ad-Hoc|ARM.Deploy.0 = Release|ARM
		{79943FF0-2AA6-4F5F-B648-C6077071AB64}.Ad-Hoc|iPhone.ActiveCfg = Release|x86
		{79943FF0-2AA6-4F5F-B648-C6077071AB64}.Ad-Hoc|iPhone.Build.0 = Release|x86
		{79943FF0-2AA6-4F5F-B648-C6077071AB64}.Ad-Hoc|iPhone.Deploy.0 = Release|x86
		{79943FF0-2AA6-4F5F-B648-C6077071AB64}.Ad-Hoc|iPhoneSimulator.ActiveCfg = Release|x86
		{79943FF0-2AA6-4F5F-B648-C6077071AB64}.Ad-Hoc|iPhoneSimulator.Build.0 = Release|x86
		{79943FF0-2AA6-4F5F-B648-C6077071AB64}.Ad-Hoc|iPhoneSimulator.Deploy.0 = Release|x86
		{79943FF0-2AA6-4F5F-B648-C6077071AB64}.Ad-Hoc|x64.ActiveCfg = Release|x64
		{79943FF0-2AA6-4F5F-B648-C6077071AB64}.Ad-Hoc|x64.Build.0 = Release|x64
		{79943FF0-2AA6-4F5F-B648-C6077071AB64}.Ad-Hoc|x64.Deploy.0 = Release|x64
		{79943FF0-2AA6-4F5F-B648-C6077071AB64}.Ad-Hoc|x86.ActiveCfg = Release|x86
		{79943FF0-2AA6-4F5F-B648-C6077071AB64}.Ad-Hoc|x86.Build.0 = Release|x86
		{79943FF0-2AA6-4F5F-B648-C6077071AB64}.Ad-Hoc|x86.Deploy.0 = Release|x86
		{79943FF0-2AA6-4F5F-B648-C6077071AB64}.AppStore|Any CPU.ActiveCfg = Release|x86
		{79943FF0-2AA6-4F5F-B648-C6077071AB64}.AppStore|Any CPU.Build.0 = Release|x86
		{79943FF0-2AA6-4F5F-B648-C6077071AB64}.AppStore|Any CPU.Deploy.0 = Release|x86
		{79943FF0-2AA6-4F5F-B648-C6077071AB64}.AppStore|ARM.ActiveCfg = Release|ARM
		{79943FF0-2AA6-4F5F-B648-C6077071AB64}.AppStore|ARM.Build.0 = Release|ARM
		{79943FF0-2AA6-4F5F-B648-C6077071AB64}.AppStore|ARM.Deploy.0 = Release|ARM
		{79943FF0-2AA6-4F5F-B648-C6077071AB64}.AppStore|iPhone.ActiveCfg = Release|x86
		{79943FF0-2AA6-4F5F-B648-C6077071AB64}.AppStore|iPhone.Build.0 = Release|x86
		{79943FF0-2AA6-4F5F-B648-C6077071AB64}.AppStore|iPhone.Deploy.0 = Release|x86
		{79943FF0-2AA6-4F5F-B648-C6077071AB64}.AppStore|iPhoneSimulator.ActiveCfg = Release|x86
		{79943FF0-2AA6-4F5F-B648-C6077071AB64}.AppStore|iPhoneSimulator.Build.0 = Release|x86
		{79943FF0-2AA6-4F5F-B648-C6077071AB64}.AppStore|iPhoneSimulator.Deploy.0 = Release|x86
		{79943FF0-2AA6-4F5F-B648-C6077071AB64}.AppStore|x64.ActiveCfg = Release|x64
		{79943FF0-2AA6-4F5F-B648-C6077071AB64}.AppStore|x64.Build.0 = Release|x64
		{79943FF0-2AA6-4F5F-B648-C6077071AB64}.AppStore|x64.Deploy.0 = Release|x64
		{79943FF0-2AA6-4F5F-B648-C6077071AB64}.AppStore|x86.ActiveCfg = Release|x86
		{79943FF0-2AA6-4F5F-B648-C6077071AB64}.AppStore|x86.Build.0 = Release|x86
		{79943FF0-2AA6-4F5F-B648-C6077071AB64}.AppStore|x86.Deploy.0 = Release|x86
		{79943FF0-2AA6-4F5F-B648-C6077071AB64}.Debug|Any CPU.ActiveCfg = Debug|x86
		{79943FF0-2AA6-4F5F-B648-C6077071AB64}.Debug|Any CPU.Build.0 = Debug|x86
		{79943FF0-2AA6-4F5F-B648-C6077071AB64}.Debug|Any CPU.Deploy.0 = Debug|x86
		{79943FF0-2AA6-4F5F-B648-C6077071AB64}.Debug|ARM.ActiveCfg = Debug|ARM
		{79943FF0-2AA6-4F5F-B648-C6077071AB64}.Debug|ARM.Build.0 = Debug|ARM
		{79943FF0-2AA6-4F5F-B648-C6077071AB64}.Debug|ARM.Deploy.0 = Debug|ARM
		{79943FF0-2AA6-4F5F-B648-C6077071AB64}.Debug|iPhone.ActiveCfg = Debug|x86
		{79943FF0-2AA6-4F5F-B648-C6077071AB64}.Debug|iPhone.Build.0 = Debug|x86
		{79943FF0-2AA6-4F5F-B648-C6077071AB64}.Debug|iPhone.Deploy.0 = Debug|x86
		{79943FF0-2AA6-4F5F-B648-C6077071AB64}.Debug|iPhoneSimulator.ActiveCfg = Debug|x86
		{79943FF0-2AA6-4F5F-B648-C6077071AB64}.Debug|iPhoneSimulator.Build.0 = Debug|x86
		{79943FF0-2AA6-4F5F-B648-C6077071AB64}.Debug|iPhoneSimulator.Deploy.0 = Debug|x86
		{79943FF0-2AA6-4F5F-B648-C6077071AB64}.Debug|x64.ActiveCfg = Debug|x64
		{79943FF0-2AA6-4F5F-B648-C6077071AB64}.Debug|x64.Build.0 = Debug|x64
		{79943FF0-2AA6-4F5F-B648-C6077071AB64}.Debug|x64.Deploy.0 = Debug|x64
		{79943FF0-2AA6-4F5F-B648-C6077071AB64}.Debug|x86.ActiveCfg = Debug|x86
		{79943FF0-2AA6-4F5F-B648-C6077071AB64}.Debug|x86.Build.0 = Debug|x86
		{79943FF0-2AA6-4F5F-B648-C6077071AB64}.Debug|x86.Deploy.0 = Debug|x86
		{79943FF0-2AA6-4F5F-B648-C6077071AB64}.Release|Any CPU.ActiveCfg = Release|x86
		{79943FF0-2AA6-4F5F-B648-C6077071AB64}.Release|Any CPU.Build.0 = Release|x86
		{79943FF0-2AA6-4F5F-B648-C6077071AB64}.Release|Any CPU.Deploy.0 = Release|x86
		{79943FF0-2AA6-4F5F-B648-C6077071AB64}.Release|ARM.ActiveCfg = Release|ARM
		{79943FF0-2AA6-4F5F-B648-C6077071AB64}.Release|ARM.Build.0 = Release|ARM
		{79943FF0-2AA6-4F5F-B648-C6077071AB64}.Release|ARM.Deploy.0 = Release|ARM
		{79943FF0-2AA6-4F5F-B648-C6077071AB64}.Release|iPhone.ActiveCfg = Release|x86
		{79943FF0-2AA6-4F5F-B648-C6077071AB64}.Release|iPhone.Build.0 = Release|x86
		{79943FF0-2AA6-4F5F-B648-C6077071AB64}.Release|iPhone.Deploy.0 = Release|x86
		{79943FF0-2AA6-4F5F-B648-C6077071AB64}.Release|iPhoneSimulator.ActiveCfg = Release|x86
		{79943FF0-2AA6-4F5F-B648-C6077071AB64}.Release|iPhoneSimulator.Build.0 = Release|x86
		{79943FF0-2AA6-4F5F-B648-C6077071AB64}.Release|iPhoneSimulator.Deploy.0 = Release|x86
		{79943FF0-2AA6-4F5F-B648-C6077071AB64}.Release|x64.ActiveCfg = Release|x64
		{79943FF0-2AA6-4F5F-B648-C6077071AB64}.Release|x64.Build.0 = Release|x64
		{79943FF0-2AA6-4F5F-B648-C6077071AB64}.Release|x64.Deploy.0 = Release|x64
		{79943FF0-2AA6-4F5F-B648-C6077071AB64}.Release|x86.ActiveCfg = Release|x86
		{79943FF0-2AA6-4F5F-B648-C6077071AB64}.Release|x86.Build.0 = Release|x86
		{79943FF0-2AA6-4F5F-B648-C6077071AB64}.Release|x86.Deploy.0 = Release|x86
		{0EDBED41-EA38-43DB-A10C-1A8BE31024AB}.Ad-Hoc|Any CPU.ActiveCfg = Debug|Any CPU
		{0EDBED41-EA38-43DB-A10C-1A8BE31024AB}.Ad-Hoc|Any CPU.Build.0 = Debug|Any CPU
		{0EDBED41-EA38-43DB-A10C-1A8BE31024AB}.Ad-Hoc|Any CPU.Deploy.0 = Debug|Any CPU
		{0EDBED41-EA38-43DB-A10C-1A8BE31024AB}.Ad-Hoc|ARM.ActiveCfg = Debug|Any CPU
		{0EDBED41-EA38-43DB-A10C-1A8BE31024AB}.Ad-Hoc|ARM.Build.0 = Debug|Any CPU
		{0EDBED41-EA38-43DB-A10C-1A8BE31024AB}.Ad-Hoc|ARM.Deploy.0 = Debug|Any CPU
		{0EDBED41-EA38-43DB-A10C-1A8BE31024AB}.Ad-Hoc|iPhone.ActiveCfg = Debug|Any CPU
		{0EDBED41-EA38-43DB-A10C-1A8BE31024AB}.Ad-Hoc|iPhone.Build.0 = Debug|Any CPU
		{0EDBED41-EA38-43DB-A10C-1A8BE31024AB}.Ad-Hoc|iPhone.Deploy.0 = Debug|Any CPU
		{0EDBED41-EA38-43DB-A10C-1A8BE31024AB}.Ad-Hoc|iPhoneSimulator.ActiveCfg = Debug|Any CPU
		{0EDBED41-EA38-43DB-A10C-1A8BE31024AB}.Ad-Hoc|iPhoneSimulator.Build.0 = Debug|Any CPU
		{0EDBED41-EA38-43DB-A10C-1A8BE31024AB}.Ad-Hoc|iPhoneSimulator.Deploy.0 = Debug|Any CPU
		{0EDBED41-EA38-43DB-A10C-1A8BE31024AB}.Ad-Hoc|x64.ActiveCfg = Debug|Any CPU
		{0EDBED41-EA38-43DB-A10C-1A8BE31024AB}.Ad-Hoc|x64.Build.0 = Debug|Any CPU
		{0EDBED41-EA38-43DB-A10C-1A8BE31024AB}.Ad-Hoc|x64.Deploy.0 = Debug|Any CPU
		{0EDBED41-EA38-43DB-A10C-1A8BE31024AB}.Ad-Hoc|x86.ActiveCfg = Debug|Any CPU
		{0EDBED41-EA38-43DB-A10C-1A8BE31024AB}.Ad-Hoc|x86.Build.0 = Debug|Any CPU
		{0EDBED41-EA38-43DB-A10C-1A8BE31024AB}.Ad-Hoc|x86.Deploy.0 = Debug|Any CPU
		{0EDBED41-EA38-43DB-A10C-1A8BE31024AB}.AppStore|Any CPU.ActiveCfg = Debug|Any CPU
		{0EDBED41-EA38-43DB-A10C-1A8BE31024AB}.AppStore|Any CPU.Build.0 = Debug|Any CPU
		{0EDBED41-EA38-43DB-A10C-1A8BE31024AB}.AppStore|Any CPU.Deploy.0 = Debug|Any CPU
		{0EDBED41-EA38-43DB-A10C-1A8BE31024AB}.AppStore|ARM.ActiveCfg = Debug|Any CPU
		{0EDBED41-EA38-43DB-A10C-1A8BE31024AB}.AppStore|ARM.Build.0 = Debug|Any CPU
		{0EDBED41-EA38-43DB-A10C-1A8BE31024AB}.AppStore|ARM.Deploy.0 = Debug|Any CPU
		{0EDBED41-EA38-43DB-A10C-1A8BE31024AB}.AppStore|iPhone.ActiveCfg = Debug|Any CPU
		{0EDBED41-EA38-43DB-A10C-1A8BE31024AB}.AppStore|iPhone.Build.0 = Debug|Any CPU
		{0EDBED41-EA38-43DB-A10C-1A8BE31024AB}.AppStore|iPhone.Deploy.0 = Debug|Any CPU
		{0EDBED41-EA38-43DB-A10C-1A8BE31024AB}.AppStore|iPhoneSimulator.ActiveCfg = Debug|Any CPU
		{0EDBED41-EA38-43DB-A10C-1A8BE31024AB}.AppStore|iPhoneSimulator.Build.0 = Debug|Any CPU
		{0EDBED41-EA38-43DB-A10C-1A8BE31024AB}.AppStore|iPhoneSimulator.Deploy.0 = Debug|Any CPU
		{0EDBED41-EA38-43DB-A10C-1A8BE31024AB}.AppStore|x64.ActiveCfg = Debug|Any CPU
		{0EDBED41-EA38-43DB-A10C-1A8BE31024AB}.AppStore|x64.Build.0 = Debug|Any CPU
		{0EDBED41-EA38-43DB-A10C-1A8BE31024AB}.AppStore|x64.Deploy.0 = Debug|Any CPU
		{0EDBED41-EA38-43DB-A10C-1A8BE31024AB}.AppStore|x86.ActiveCfg = Debug|Any CPU
		{0EDBED41-EA38-43DB-A10C-1A8BE31024AB}.AppStore|x86.Build.0 = Debug|Any CPU
		{0EDBED41-EA38-43DB-A10C-1A8BE31024AB}.AppStore|x86.Deploy.0 = Debug|Any CPU
		{0EDBED41-EA38-43DB-A10C-1A8BE31024AB}.Debug|Any CPU.ActiveCfg = Debug|Any CPU
		{0EDBED41-EA38-43DB-A10C-1A8BE31024AB}.Debug|Any CPU.Build.0 = Debug|Any CPU
		{0EDBED41-EA38-43DB-A10C-1A8BE31024AB}.Debug|Any CPU.Deploy.0 = Debug|Any CPU
		{0EDBED41-EA38-43DB-A10C-1A8BE31024AB}.Debug|ARM.ActiveCfg = Debug|Any CPU
		{0EDBED41-EA38-43DB-A10C-1A8BE31024AB}.Debug|ARM.Build.0 = Debug|Any CPU
		{0EDBED41-EA38-43DB-A10C-1A8BE31024AB}.Debug|ARM.Deploy.0 = Debug|Any CPU
		{0EDBED41-EA38-43DB-A10C-1A8BE31024AB}.Debug|iPhone.ActiveCfg = Debug|Any CPU
		{0EDBED41-EA38-43DB-A10C-1A8BE31024AB}.Debug|iPhone.Build.0 = Debug|Any CPU
		{0EDBED41-EA38-43DB-A10C-1A8BE31024AB}.Debug|iPhone.Deploy.0 = Debug|Any CPU
		{0EDBED41-EA38-43DB-A10C-1A8BE31024AB}.Debug|iPhoneSimulator.ActiveCfg = Debug|Any CPU
		{0EDBED41-EA38-43DB-A10C-1A8BE31024AB}.Debug|iPhoneSimulator.Build.0 = Debug|Any CPU
		{0EDBED41-EA38-43DB-A10C-1A8BE31024AB}.Debug|iPhoneSimulator.Deploy.0 = Debug|Any CPU
		{0EDBED41-EA38-43DB-A10C-1A8BE31024AB}.Debug|x64.ActiveCfg = Debug|Any CPU
		{0EDBED41-EA38-43DB-A10C-1A8BE31024AB}.Debug|x64.Build.0 = Debug|Any CPU
		{0EDBED41-EA38-43DB-A10C-1A8BE31024AB}.Debug|x64.Deploy.0 = Debug|Any CPU
		{0EDBED41-EA38-43DB-A10C-1A8BE31024AB}.Debug|x86.ActiveCfg = Debug|Any CPU
		{0EDBED41-EA38-43DB-A10C-1A8BE31024AB}.Debug|x86.Build.0 = Debug|Any CPU
		{0EDBED41-EA38-43DB-A10C-1A8BE31024AB}.Debug|x86.Deploy.0 = Debug|Any CPU
		{0EDBED41-EA38-43DB-A10C-1A8BE31024AB}.Release|Any CPU.ActiveCfg = Release|Any CPU
		{0EDBED41-EA38-43DB-A10C-1A8BE31024AB}.Release|Any CPU.Build.0 = Release|Any CPU
		{0EDBED41-EA38-43DB-A10C-1A8BE31024AB}.Release|Any CPU.Deploy.0 = Release|Any CPU
		{0EDBED41-EA38-43DB-A10C-1A8BE31024AB}.Release|ARM.ActiveCfg = Release|Any CPU
		{0EDBED41-EA38-43DB-A10C-1A8BE31024AB}.Release|ARM.Build.0 = Release|Any CPU
		{0EDBED41-EA38-43DB-A10C-1A8BE31024AB}.Release|ARM.Deploy.0 = Release|Any CPU
		{0EDBED41-EA38-43DB-A10C-1A8BE31024AB}.Release|iPhone.ActiveCfg = Release|Any CPU
		{0EDBED41-EA38-43DB-A10C-1A8BE31024AB}.Release|iPhone.Build.0 = Release|Any CPU
		{0EDBED41-EA38-43DB-A10C-1A8BE31024AB}.Release|iPhone.Deploy.0 = Release|Any CPU
		{0EDBED41-EA38-43DB-A10C-1A8BE31024AB}.Release|iPhoneSimulator.ActiveCfg = Release|Any CPU
		{0EDBED41-EA38-43DB-A10C-1A8BE31024AB}.Release|iPhoneSimulator.Build.0 = Release|Any CPU
		{0EDBED41-EA38-43DB-A10C-1A8BE31024AB}.Release|iPhoneSimulator.Deploy.0 = Release|Any CPU
		{0EDBED41-EA38-43DB-A10C-1A8BE31024AB}.Release|x64.ActiveCfg = Release|Any CPU
		{0EDBED41-EA38-43DB-A10C-1A8BE31024AB}.Release|x64.Build.0 = Release|Any CPU
		{0EDBED41-EA38-43DB-A10C-1A8BE31024AB}.Release|x64.Deploy.0 = Release|Any CPU
		{0EDBED41-EA38-43DB-A10C-1A8BE31024AB}.Release|x86.ActiveCfg = Release|Any CPU
		{0EDBED41-EA38-43DB-A10C-1A8BE31024AB}.Release|x86.Build.0 = Release|Any CPU
		{0EDBED41-EA38-43DB-A10C-1A8BE31024AB}.Release|x86.Deploy.0 = Release|Any CPU
	EndGlobalSection
	GlobalSection(SolutionProperties) = preSolution
		HideSolutionNode = FALSE
	EndGlobalSection
	GlobalSection(ExtensibilityGlobals) = postSolution
		SolutionGuid = {C5F48030-6005-432B-8AA0-C393CE832A65}
	EndGlobalSection
EndGlobal
